
Microsoft Visual Studio Solution File, Format Version 12.00
# Visual Studio Version 17
VisualStudioVersion = 17.1.32210.238
MinimumVisualStudioVersion = 10.0.40219.1
Project("{2150E333-8FDC-42A3-9474-1A3956D46DE8}") = "Api", "Api", "{492DC8A2-764F-4BF5-A644-E3AAABE2098C}"
EndProject
Project("{2150E333-8FDC-42A3-9474-1A3956D46DE8}") = "Cliente", "Cliente", "{C8DB95A9-6DB3-4668-BFF5-E7735892835E}"
EndProject
Project("{2150E333-8FDC-42A3-9474-1A3956D46DE8}") = "Business", "Business", "{F534E91E-E6D4-4E57-B372-86FCF3CFE064}"
EndProject
Project("{2150E333-8FDC-42A3-9474-1A3956D46DE8}") = "Infraestructure", "Infraestructure", "{50AD3403-B32B-4183-9667-474F8B43D96D}"
EndProject
Project("{2150E333-8FDC-42A3-9474-1A3956D46DE8}") = "Persistence", "Persistence", "{194FC4D4-9D1E-4AFB-8E49-2ADC3C00EAA3}"
EndProject
Project("{2150E333-8FDC-42A3-9474-1A3956D46DE8}") = "Web", "Web", "{AB0FC6B0-36AE-4E07-8B60-7FCCD4BFF0ED}"
EndProject
Project("{2150E333-8FDC-42A3-9474-1A3956D46DE8}") = "PruebaTecnicaJJT", "PruebaTecnicaJJT", "{9B7FE030-B872-4B62-8FDC-7D3A03EB0DDD}"
EndProject
Project("{2150E333-8FDC-42A3-9474-1A3956D46DE8}") = "Controllers", "Controllers", "{C49DC647-7F16-4169-85AD-F83830F10796}"
EndProject
Project("{2150E333-8FDC-42A3-9474-1A3956D46DE8}") = "DTOs", "DTOs", "{D609B731-9BDB-4D8B-94CC-B4995911311D}"
EndProject
Project("{2150E333-8FDC-42A3-9474-1A3956D46DE8}") = "Models", "Models", "{222EB3A3-5BA9-42F8-A23C-06AF8A95A5EE}"
EndProject
Project("{2150E333-8FDC-42A3-9474-1A3956D46DE8}") = "Services", "Services", "{0B4B3808-3DB0-4287-BCFC-EA3F7120BA4B}"
EndProject
Project("{2150E333-8FDC-42A3-9474-1A3956D46DE8}") = "DAL", "DAL", "{3CFBFC19-FDA0-4E17-81E1-EFDDDDDFD3ED}"
EndProject
Project("{9A19103F-16F7-4668-BE54-9A1E7A4F7556}") = "PruebaTecnicaJJT.Business.DTOs", "PruebaTecnicaJJT.Business.DTOs\PruebaTecnicaJJT.Business.DTOs.csproj", "{24C06830-7855-4509-B38D-74C07EA8A3FB}"
EndProject
Project("{9A19103F-16F7-4668-BE54-9A1E7A4F7556}") = "PruebaTecnicaJJT.Business.Models", "PruebaTecnicaJJT.Business.Models\PruebaTecnicaJJT.Business.Models.csproj", "{EDF6A602-C2DC-42BF-8342-FF70B8384FD0}"
EndProject
Project("{9A19103F-16F7-4668-BE54-9A1E7A4F7556}") = "PruebaTecnicaJJT.Infraestructure.Services", "PruebaTecnicaJJT.Infraestructure.Services\PruebaTecnicaJJT.Infraestructure.Services.csproj", "{5256F141-A93A-453C-BB08-C7A13784DD16}"
EndProject
Project("{9A19103F-16F7-4668-BE54-9A1E7A4F7556}") = "PruebaTecnicaJJT.Persistence.DAL", "PruebaTecnicaJJT.Persistence.DAL\PruebaTecnicaJJT.Persistence.DAL.csproj", "{242B92B1-742D-4778-8A72-0DD2F1090943}"
EndProject
Project("{9A19103F-16F7-4668-BE54-9A1E7A4F7556}") = "PruebaTecnicaJJT.Web.Controllers", "PruebaTecnicaJJT.Web.Controllers\PruebaTecnicaJJT.Web.Controllers.csproj", "{E9AED0CE-DB3F-4774-BFDA-C2F7FCF2138B}"
EndProject
Project("{9A19103F-16F7-4668-BE54-9A1E7A4F7556}") = "PruebaTecnicaJJT", "PruebaTecnicaJJT\PruebaTecnicaJJT.csproj", "{AEC6B586-82A0-412F-ABC4-D853CFDA4E40}"
EndProject
Project("{2150E333-8FDC-42A3-9474-1A3956D46DE8}") = "Transversal", "Transversal", "{2E70CCD2-C58D-4250-AB94-8C8855C49E45}"
EndProject
Project("{9A19103F-16F7-4668-BE54-9A1E7A4F7556}") = "PruebaTecnicaJJT.Transversal", "PruebaTecnicaJJT.Transversal\PruebaTecnicaJJT.Transversal.csproj", "{4543F5EE-183A-4997-901D-183F417B615D}"
EndProject
Project("{2150E333-8FDC-42A3-9474-1A3956D46DE8}") = "DALGeneric", "DALGeneric", "{6600F625-21D7-4149-B304-A6B3E63AD293}"
EndProject
Project("{9A19103F-16F7-4668-BE54-9A1E7A4F7556}") = "PruebaTecnicaJJT.Persistence.DALGeneric", "PruebaTecnicaJJT.Persistence.DALGeneric\PruebaTecnicaJJT.Persistence.DALGeneric.csproj", "{4BE1F8F5-C71E-4B2B-9710-2CBD4BC0D2DE}"
EndProject
Project("{2150E333-8FDC-42A3-9474-1A3956D46DE8}") = "Business", "Business", "{A0576CD3-9134-40B5-A4D1-3DA1B9C9BFD0}"
EndProject
Project("{2150E333-8FDC-42A3-9474-1A3956D46DE8}") = "Views", "Views", "{31888CF5-F51B-463D-840C-4FF9C51D0FF8}"
EndProject
Project("{2150E333-8FDC-42A3-9474-1A3956D46DE8}") = "Infraestructure", "Infraestructure", "{3ED08A4F-8FFF-4D11-89AB-31FCF4E0DEC9}"
EndProject
Project("{2150E333-8FDC-42A3-9474-1A3956D46DE8}") = "Services", "Services", "{E839FA2D-FE6C-4543-B990-1BDDB7E775DD}"
EndProject
Project("{9A19103F-16F7-4668-BE54-9A1E7A4F7556}") = "PruebaTecnicaJJT.Cliente.Views", "PruebaTecnicaJJT.Cliente.Views\PruebaTecnicaJJT.Cliente.Views.csproj", "{80556CD2-6FFA-4D49-AC66-23A7A52A0E52}"
EndProject
Project("{9A19103F-16F7-4668-BE54-9A1E7A4F7556}") = "PruebaTecnica.Cliente.Services", "PruebaTecnica.Cliente.Services\PruebaTecnica.Cliente.Services.csproj", "{79BB80A2-548D-4409-8813-E186DFAD9CDB}"
EndProject
Project("{2150E333-8FDC-42A3-9474-1A3956D46DE8}") = "ViewModels", "ViewModels", "{5D5738AC-4F38-482E-AB05-8BC73479B3AC}"
EndProject
Project("{9A19103F-16F7-4668-BE54-9A1E7A4F7556}") = "PruebaTecnicaJJT.Cliente.ViewModels", "PruebaTecnicaJJT.Cliente.ViewModels\PruebaTecnicaJJT.Cliente.ViewModels.csproj", "{68EA5A83-7A01-4E3E-8464-8F66F3DF3BF4}"
EndProject
Global
	GlobalSection(SolutionConfigurationPlatforms) = preSolution
		Debug|Any CPU = Debug|Any CPU
		Release|Any CPU = Release|Any CPU
	EndGlobalSection
	GlobalSection(ProjectConfigurationPlatforms) = postSolution
		{24C06830-7855-4509-B38D-74C07EA8A3FB}.Debug|Any CPU.ActiveCfg = Debug|Any CPU
		{24C06830-7855-4509-B38D-74C07EA8A3FB}.Debug|Any CPU.Build.0 = Debug|Any CPU
		{24C06830-7855-4509-B38D-74C07EA8A3FB}.Release|Any CPU.ActiveCfg = Release|Any CPU
		{24C06830-7855-4509-B38D-74C07EA8A3FB}.Release|Any CPU.Build.0 = Release|Any CPU
		{EDF6A602-C2DC-42BF-8342-FF70B8384FD0}.Debug|Any CPU.ActiveCfg = Debug|Any CPU
		{EDF6A602-C2DC-42BF-8342-FF70B8384FD0}.Debug|Any CPU.Build.0 = Debug|Any CPU
		{EDF6A602-C2DC-42BF-8342-FF70B8384FD0}.Release|Any CPU.ActiveCfg = Release|Any CPU
		{EDF6A602-C2DC-42BF-8342-FF70B8384FD0}.Release|Any CPU.Build.0 = Release|Any CPU
		{5256F141-A93A-453C-BB08-C7A13784DD16}.Debug|Any CPU.ActiveCfg = Debug|Any CPU
		{5256F141-A93A-453C-BB08-C7A13784DD16}.Debug|Any CPU.Build.0 = Debug|Any CPU
		{5256F141-A93A-453C-BB08-C7A13784DD16}.Release|Any CPU.ActiveCfg = Release|Any CPU
		{5256F141-A93A-453C-BB08-C7A13784DD16}.Release|Any CPU.Build.0 = Release|Any CPU
		{242B92B1-742D-4778-8A72-0DD2F1090943}.Debug|Any CPU.ActiveCfg = Debug|Any CPU
		{242B92B1-742D-4778-8A72-0DD2F1090943}.Debug|Any CPU.Build.0 = Debug|Any CPU
		{242B92B1-742D-4778-8A72-0DD2F1090943}.Release|Any CPU.ActiveCfg = Release|Any CPU
		{242B92B1-742D-4778-8A72-0DD2F1090943}.Release|Any CPU.Build.0 = Release|Any CPU
		{E9AED0CE-DB3F-4774-BFDA-C2F7FCF2138B}.Debug|Any CPU.ActiveCfg = Debug|Any CPU
		{E9AED0CE-DB3F-4774-BFDA-C2F7FCF2138B}.Debug|Any CPU.Build.0 = Debug|Any CPU
		{E9AED0CE-DB3F-4774-BFDA-C2F7FCF2138B}.Release|Any CPU.ActiveCfg = Release|Any CPU
		{E9AED0CE-DB3F-4774-BFDA-C2F7FCF2138B}.Release|Any CPU.Build.0 = Release|Any CPU
		{AEC6B586-82A0-412F-ABC4-D853CFDA4E40}.Debug|Any CPU.ActiveCfg = Debug|Any CPU
		{AEC6B586-82A0-412F-ABC4-D853CFDA4E40}.Debug|Any CPU.Build.0 = Debug|Any CPU
		{AEC6B586-82A0-412F-ABC4-D853CFDA4E40}.Release|Any CPU.ActiveCfg = Release|Any CPU
		{AEC6B586-82A0-412F-ABC4-D853CFDA4E40}.Release|Any CPU.Build.0 = Release|Any CPU
		{4543F5EE-183A-4997-901D-183F417B615D}.Debug|Any CPU.ActiveCfg = Debug|Any CPU
		{4543F5EE-183A-4997-901D-183F417B615D}.Debug|Any CPU.Build.0 = Debug|Any CPU
		{4543F5EE-183A-4997-901D-183F417B615D}.Release|Any CPU.ActiveCfg = Release|Any CPU
		{4543F5EE-183A-4997-901D-183F417B615D}.Release|Any CPU.Build.0 = Release|Any CPU
		{4BE1F8F5-C71E-4B2B-9710-2CBD4BC0D2DE}.Debug|Any CPU.ActiveCfg = Debug|Any CPU
		{4BE1F8F5-C71E-4B2B-9710-2CBD4BC0D2DE}.Debug|Any CPU.Build.0 = Debug|Any CPU
		{4BE1F8F5-C71E-4B2B-9710-2CBD4BC0D2DE}.Release|Any CPU.ActiveCfg = Release|Any CPU
		{4BE1F8F5-C71E-4B2B-9710-2CBD4BC0D2DE}.Release|Any CPU.Build.0 = Release|Any CPU
		{80556CD2-6FFA-4D49-AC66-23A7A52A0E52}.Debug|Any CPU.ActiveCfg = Debug|Any CPU
		{80556CD2-6FFA-4D49-AC66-23A7A52A0E52}.Debug|Any CPU.Build.0 = Debug|Any CPU
		{80556CD2-6FFA-4D49-AC66-23A7A52A0E52}.Release|Any CPU.ActiveCfg = Release|Any CPU
		{80556CD2-6FFA-4D49-AC66-23A7A52A0E52}.Release|Any CPU.Build.0 = Release|Any CPU
		{79BB80A2-548D-4409-8813-E186DFAD9CDB}.Debug|Any CPU.ActiveCfg = Debug|Any CPU
		{79BB80A2-548D-4409-8813-E186DFAD9CDB}.Debug|Any CPU.Build.0 = Debug|Any CPU
		{79BB80A2-548D-4409-8813-E186DFAD9CDB}.Release|Any CPU.ActiveCfg = Release|Any CPU
		{79BB80A2-548D-4409-8813-E186DFAD9CDB}.Release|Any CPU.Build.0 = Release|Any CPU
		{68EA5A83-7A01-4E3E-8464-8F66F3DF3BF4}.Debug|Any CPU.ActiveCfg = Debug|Any CPU
		{68EA5A83-7A01-4E3E-8464-8F66F3DF3BF4}.Debug|Any CPU.Build.0 = Debug|Any CPU
		{68EA5A83-7A01-4E3E-8464-8F66F3DF3BF4}.Release|Any CPU.ActiveCfg = Release|Any CPU
		{68EA5A83-7A01-4E3E-8464-8F66F3DF3BF4}.Release|Any CPU.Build.0 = Release|Any CPU
	EndGlobalSection
	GlobalSection(SolutionProperties) = preSolution
		HideSolutionNode = FALSE
	EndGlobalSection
	GlobalSection(NestedProjects) = preSolution
		{F534E91E-E6D4-4E57-B372-86FCF3CFE064} = {492DC8A2-764F-4BF5-A644-E3AAABE2098C}
		{50AD3403-B32B-4183-9667-474F8B43D96D} = {492DC8A2-764F-4BF5-A644-E3AAABE2098C}
		{194FC4D4-9D1E-4AFB-8E49-2ADC3C00EAA3} = {492DC8A2-764F-4BF5-A644-E3AAABE2098C}
		{AB0FC6B0-36AE-4E07-8B60-7FCCD4BFF0ED} = {492DC8A2-764F-4BF5-A644-E3AAABE2098C}
		{9B7FE030-B872-4B62-8FDC-7D3A03EB0DDD} = {AB0FC6B0-36AE-4E07-8B60-7FCCD4BFF0ED}
		{C49DC647-7F16-4169-85AD-F83830F10796} = {AB0FC6B0-36AE-4E07-8B60-7FCCD4BFF0ED}
		{D609B731-9BDB-4D8B-94CC-B4995911311D} = {F534E91E-E6D4-4E57-B372-86FCF3CFE064}
		{222EB3A3-5BA9-42F8-A23C-06AF8A95A5EE} = {F534E91E-E6D4-4E57-B372-86FCF3CFE064}
		{0B4B3808-3DB0-4287-BCFC-EA3F7120BA4B} = {50AD3403-B32B-4183-9667-474F8B43D96D}
		{3CFBFC19-FDA0-4E17-81E1-EFDDDDDFD3ED} = {194FC4D4-9D1E-4AFB-8E49-2ADC3C00EAA3}
		{24C06830-7855-4509-B38D-74C07EA8A3FB} = {D609B731-9BDB-4D8B-94CC-B4995911311D}
		{EDF6A602-C2DC-42BF-8342-FF70B8384FD0} = {222EB3A3-5BA9-42F8-A23C-06AF8A95A5EE}
		{5256F141-A93A-453C-BB08-C7A13784DD16} = {0B4B3808-3DB0-4287-BCFC-EA3F7120BA4B}
		{242B92B1-742D-4778-8A72-0DD2F1090943} = {3CFBFC19-FDA0-4E17-81E1-EFDDDDDFD3ED}
		{E9AED0CE-DB3F-4774-BFDA-C2F7FCF2138B} = {C49DC647-7F16-4169-85AD-F83830F10796}
		{AEC6B586-82A0-412F-ABC4-D853CFDA4E40} = {9B7FE030-B872-4B62-8FDC-7D3A03EB0DDD}
		{2E70CCD2-C58D-4250-AB94-8C8855C49E45} = {492DC8A2-764F-4BF5-A644-E3AAABE2098C}
		{4543F5EE-183A-4997-901D-183F417B615D} = {2E70CCD2-C58D-4250-AB94-8C8855C49E45}
		{6600F625-21D7-4149-B304-A6B3E63AD293} = {194FC4D4-9D1E-4AFB-8E49-2ADC3C00EAA3}
		{4BE1F8F5-C71E-4B2B-9710-2CBD4BC0D2DE} = {6600F625-21D7-4149-B304-A6B3E63AD293}
		{A0576CD3-9134-40B5-A4D1-3DA1B9C9BFD0} = {C8DB95A9-6DB3-4668-BFF5-E7735892835E}
		{31888CF5-F51B-463D-840C-4FF9C51D0FF8} = {C8DB95A9-6DB3-4668-BFF5-E7735892835E}
		{3ED08A4F-8FFF-4D11-89AB-31FCF4E0DEC9} = {C8DB95A9-6DB3-4668-BFF5-E7735892835E}
		{E839FA2D-FE6C-4543-B990-1BDDB7E775DD} = {3ED08A4F-8FFF-4D11-89AB-31FCF4E0DEC9}
		{80556CD2-6FFA-4D49-AC66-23A7A52A0E52} = {31888CF5-F51B-463D-840C-4FF9C51D0FF8}
		{79BB80A2-548D-4409-8813-E186DFAD9CDB} = {E839FA2D-FE6C-4543-B990-1BDDB7E775DD}
		{5D5738AC-4F38-482E-AB05-8BC73479B3AC} = {A0576CD3-9134-40B5-A4D1-3DA1B9C9BFD0}
		{68EA5A83-7A01-4E3E-8464-8F66F3DF3BF4} = {5D5738AC-4F38-482E-AB05-8BC73479B3AC}
	EndGlobalSection
	GlobalSection(ExtensibilityGlobals) = postSolution
		SolutionGuid = {D069D57A-3F32-41F8-AA8B-25386552D253}
	EndGlobalSection
EndGlobal
